
Microsoft Visual Studio Solution File, Format Version 12.00
# Visual Studio 15
VisualStudioVersion = 15.0.28307.1145
MinimumVisualStudioVersion = 10.0.40219.1
Project("{FAE04EC0-301F-11D3-BF4B-00C04F79EFBC}") = "UnitTestProject2", "UnitTestProject2\UnitTestProject2.csproj", "{212604F2-FEEF-4B2D-BA21-1F28F004D7FD}"
EndProject
Global
	GlobalSection(SolutionConfigurationPlatforms) = preSolution
		Debug|Any CPU = Debug|Any CPU
		Release|Any CPU = Release|Any CPU
	EndGlobalSection
	GlobalSection(ProjectConfigurationPlatforms) = postSolution
		{212604F2-FEEF-4B2D-BA21-1F28F004D7FD}.Debug|Any CPU.ActiveCfg = Debug|Any CPU
		{212604F2-FEEF-4B2D-BA21-1F28F004D7FD}.Debug|Any CPU.Build.0 = Debug|Any CPU
		{212604F2-FEEF-4B2D-BA21-1F28F004D7FD}.Release|Any CPU.ActiveCfg = Release|Any CPU
		{212604F2-FEEF-4B2D-BA21-1F28F004D7FD}.Release|Any CPU.Build.0 = Release|Any CPU
	EndGlobalSection
	GlobalSection(SolutionProperties) = preSolution
		HideSolutionNode = FALSE
	EndGlobalSection
	GlobalSection(ExtensibilityGlobals) = postSolution
		SolutionGuid = {7844F3A6-0686-4823-B229-345698EBF058}
	EndGlobalSection
EndGlobal
