
Microsoft Visual Studio Solution File, Format Version 12.00
# Visual Studio 15
VisualStudioVersion = 15.0.28307.1145
MinimumVisualStudioVersion = 10.0.40219.1
Project("{FAE04EC0-301F-11D3-BF4B-00C04F79EFBC}") = "calculator", "calculator\calculator.csproj", "{EE342334-8B25-4AB0-8D8B-2690286385B3}"
EndProject
Global
	GlobalSection(SolutionConfigurationPlatforms) = preSolution
		Debug|Any CPU = Debug|Any CPU
		Release|Any CPU = Release|Any CPU
	EndGlobalSection
	GlobalSection(ProjectConfigurationPlatforms) = postSolution
		{EE342334-8B25-4AB0-8D8B-2690286385B3}.Debug|Any CPU.ActiveCfg = Debug|Any CPU
		{EE342334-8B25-4AB0-8D8B-2690286385B3}.Debug|Any CPU.Build.0 = Debug|Any CPU
		{EE342334-8B25-4AB0-8D8B-2690286385B3}.Release|Any CPU.ActiveCfg = Release|Any CPU
		{EE342334-8B25-4AB0-8D8B-2690286385B3}.Release|Any CPU.Build.0 = Release|Any CPU
	EndGlobalSection
	GlobalSection(SolutionProperties) = preSolution
		HideSolutionNode = FALSE
	EndGlobalSection
	GlobalSection(ExtensibilityGlobals) = postSolution
		SolutionGuid = {7151A5FC-5306-483F-82C9-9D364DA3A14B}
	EndGlobalSection
EndGlobal
